
Microsoft Visual Studio Solution File, Format Version 12.00
# Visual Studio Version 16
VisualStudioVersion = 16.0.31729.503
MinimumVisualStudioVersion = 10.0.40219.1
Project("{FAE04EC0-301F-11D3-BF4B-00C04F79EFBC}") = "SOLID", "SOLID\SOLID.csproj", "{B615665A-0625-4A65-AF8A-7E0AEDA9AFCD}"
EndProject
Project("{FAE04EC0-301F-11D3-BF4B-00C04F79EFBC}") = "O", "O\O.csproj", "{FAB41CB2-8E68-40C7-A7A5-186AFC9EECA4}"
EndProject
Project("{FAE04EC0-301F-11D3-BF4B-00C04F79EFBC}") = "L", "L\L.csproj", "{A31FBAC6-FD1B-4B90-B42E-257F947A7EEE}"
EndProject
Project("{FAE04EC0-301F-11D3-BF4B-00C04F79EFBC}") = "I", "I\I.csproj", "{110CD1F7-E887-4E69-A541-123B8713EF19}"
EndProject
Project("{FAE04EC0-301F-11D3-BF4B-00C04F79EFBC}") = "D", "D\D.csproj", "{E0A681B3-0DEF-4B4C-B7BF-BE7A336D63EA}"
EndProject
Global
	GlobalSection(SolutionConfigurationPlatforms) = preSolution
		Debug|Any CPU = Debug|Any CPU
		Release|Any CPU = Release|Any CPU
	EndGlobalSection
	GlobalSection(ProjectConfigurationPlatforms) = postSolution
		{B615665A-0625-4A65-AF8A-7E0AEDA9AFCD}.Debug|Any CPU.ActiveCfg = Debug|Any CPU
		{B615665A-0625-4A65-AF8A-7E0AEDA9AFCD}.Debug|Any CPU.Build.0 = Debug|Any CPU
		{B615665A-0625-4A65-AF8A-7E0AEDA9AFCD}.Release|Any CPU.ActiveCfg = Release|Any CPU
		{B615665A-0625-4A65-AF8A-7E0AEDA9AFCD}.Release|Any CPU.Build.0 = Release|Any CPU
		{FAB41CB2-8E68-40C7-A7A5-186AFC9EECA4}.Debug|Any CPU.ActiveCfg = Debug|Any CPU
		{FAB41CB2-8E68-40C7-A7A5-186AFC9EECA4}.Debug|Any CPU.Build.0 = Debug|Any CPU
		{FAB41CB2-8E68-40C7-A7A5-186AFC9EECA4}.Release|Any CPU.ActiveCfg = Release|Any CPU
		{FAB41CB2-8E68-40C7-A7A5-186AFC9EECA4}.Release|Any CPU.Build.0 = Release|Any CPU
		{A31FBAC6-FD1B-4B90-B42E-257F947A7EEE}.Debug|Any CPU.ActiveCfg = Debug|Any CPU
		{A31FBAC6-FD1B-4B90-B42E-257F947A7EEE}.Debug|Any CPU.Build.0 = Debug|Any CPU
		{A31FBAC6-FD1B-4B90-B42E-257F947A7EEE}.Release|Any CPU.ActiveCfg = Release|Any CPU
		{A31FBAC6-FD1B-4B90-B42E-257F947A7EEE}.Release|Any CPU.Build.0 = Release|Any CPU
		{110CD1F7-E887-4E69-A541-123B8713EF19}.Debug|Any CPU.ActiveCfg = Debug|Any CPU
		{110CD1F7-E887-4E69-A541-123B8713EF19}.Debug|Any CPU.Build.0 = Debug|Any CPU
		{110CD1F7-E887-4E69-A541-123B8713EF19}.Release|Any CPU.ActiveCfg = Release|Any CPU
		{110CD1F7-E887-4E69-A541-123B8713EF19}.Release|Any CPU.Build.0 = Release|Any CPU
		{E0A681B3-0DEF-4B4C-B7BF-BE7A336D63EA}.Debug|Any CPU.ActiveCfg = Debug|Any CPU
		{E0A681B3-0DEF-4B4C-B7BF-BE7A336D63EA}.Debug|Any CPU.Build.0 = Debug|Any CPU
		{E0A681B3-0DEF-4B4C-B7BF-BE7A336D63EA}.Release|Any CPU.ActiveCfg = Release|Any CPU
		{E0A681B3-0DEF-4B4C-B7BF-BE7A336D63EA}.Release|Any CPU.Build.0 = Release|Any CPU
	EndGlobalSection
	GlobalSection(SolutionProperties) = preSolution
		HideSolutionNode = FALSE
	EndGlobalSection
	GlobalSection(ExtensibilityGlobals) = postSolution
		SolutionGuid = {ECF5CB17-6FE5-4C2A-9091-CA1B2587DA49}
	EndGlobalSection
EndGlobal
